
Microsoft Visual Studio Solution File, Format Version 12.00
# Visual Studio Version 16
VisualStudioVersion = 16.0.30503.244
MinimumVisualStudioVersion = 10.0.40219.1
Project("{FAE04EC0-301F-11D3-BF4B-00C04F79EFBC}") = "pi4-verzameling", "pi4-verzameling\pi4-verzameling.csproj", "{17546E64-693B-4092-AE11-AC61564CAC44}"
EndProject
Global
	GlobalSection(SolutionConfigurationPlatforms) = preSolution
		Debug|Any CPU = Debug|Any CPU
		Release|Any CPU = Release|Any CPU
	EndGlobalSection
	GlobalSection(ProjectConfigurationPlatforms) = postSolution
		{17546E64-693B-4092-AE11-AC61564CAC44}.Debug|Any CPU.ActiveCfg = Debug|Any CPU
		{17546E64-693B-4092-AE11-AC61564CAC44}.Debug|Any CPU.Build.0 = Debug|Any CPU
		{17546E64-693B-4092-AE11-AC61564CAC44}.Release|Any CPU.ActiveCfg = Release|Any CPU
		{17546E64-693B-4092-AE11-AC61564CAC44}.Release|Any CPU.Build.0 = Release|Any CPU
	EndGlobalSection
	GlobalSection(SolutionProperties) = preSolution
		HideSolutionNode = FALSE
	EndGlobalSection
	GlobalSection(ExtensibilityGlobals) = postSolution
		SolutionGuid = {1535511E-6348-4C18-A189-82B6752A70BC}
	EndGlobalSection
EndGlobal
